
Microsoft Visual Studio Solution File, Format Version 12.00
# Visual Studio Version 17
VisualStudioVersion = 17.0.31903.59
MinimumVisualStudioVersion = 10.0.40219.1
Project("{2150E333-8FDC-42A3-9474-1A3956D46DE8}") = "src", "src", "{827E0CD3-B72D-47B6-A68D-7590B98EB39B}"
EndProject
Project("{FAE04EC0-301F-11D3-BF4B-00C04F79EFBC}") = "Livraria.Api", "src\Livraria.Api\Livraria.Api.csproj", "{892B85E4-AFAB-431E-8CC7-11C82B6F515F}"
EndProject
Project("{FAE04EC0-301F-11D3-BF4B-00C04F79EFBC}") = "Livraria.Application", "src\Livraria.Application\Livraria.Application.csproj", "{9678D7C6-36B1-4316-B1EE-EDFDA1718003}"
EndProject
Project("{FAE04EC0-301F-11D3-BF4B-00C04F79EFBC}") = "Livraria.Domain", "src\Livraria.Domain\Livraria.Domain.csproj", "{F7A36E75-41C6-461B-9EA8-9A434C3760B0}"
EndProject
Project("{FAE04EC0-301F-11D3-BF4B-00C04F79EFBC}") = "Livraria.Infrastructure", "src\Livraria.Infrastructure\Livraria.Infrastructure.csproj", "{30F3AC14-C45B-445C-BB38-9B5990550F66}"
EndProject
Project("{2150E333-8FDC-42A3-9474-1A3956D46DE8}") = "tests", "tests", "{0AB3BF05-4346-4AA6-1389-037BE0695223}"
EndProject
Project("{FAE04EC0-301F-11D3-BF4B-00C04F79EFBC}") = "Livraria.Application.Tests", "tests\Livraria.Application.Tests\Livraria.Application.Tests.csproj", "{CEA16BA7-E569-4C66-88C0-3DEFD27C5FAD}"
EndProject
Global
	GlobalSection(SolutionConfigurationPlatforms) = preSolution
		Debug|Any CPU = Debug|Any CPU
		Debug|x64 = Debug|x64
		Debug|x86 = Debug|x86
		Release|Any CPU = Release|Any CPU
		Release|x64 = Release|x64
		Release|x86 = Release|x86
	EndGlobalSection
	GlobalSection(ProjectConfigurationPlatforms) = postSolution
		{892B85E4-AFAB-431E-8CC7-11C82B6F515F}.Debug|Any CPU.ActiveCfg = Debug|Any CPU
		{892B85E4-AFAB-431E-8CC7-11C82B6F515F}.Debug|Any CPU.Build.0 = Debug|Any CPU
		{892B85E4-AFAB-431E-8CC7-11C82B6F515F}.Debug|x64.ActiveCfg = Debug|Any CPU
		{892B85E4-AFAB-431E-8CC7-11C82B6F515F}.Debug|x64.Build.0 = Debug|Any CPU
		{892B85E4-AFAB-431E-8CC7-11C82B6F515F}.Debug|x86.ActiveCfg = Debug|Any CPU
		{892B85E4-AFAB-431E-8CC7-11C82B6F515F}.Debug|x86.Build.0 = Debug|Any CPU
		{892B85E4-AFAB-431E-8CC7-11C82B6F515F}.Release|Any CPU.ActiveCfg = Release|Any CPU
		{892B85E4-AFAB-431E-8CC7-11C82B6F515F}.Release|Any CPU.Build.0 = Release|Any CPU
		{892B85E4-AFAB-431E-8CC7-11C82B6F515F}.Release|x64.ActiveCfg = Release|Any CPU
		{892B85E4-AFAB-431E-8CC7-11C82B6F515F}.Release|x64.Build.0 = Release|Any CPU
		{892B85E4-AFAB-431E-8CC7-11C82B6F515F}.Release|x86.ActiveCfg = Release|Any CPU
		{892B85E4-AFAB-431E-8CC7-11C82B6F515F}.Release|x86.Build.0 = Release|Any CPU
		{9678D7C6-36B1-4316-B1EE-EDFDA1718003}.Debug|Any CPU.ActiveCfg = Debug|Any CPU
		{9678D7C6-36B1-4316-B1EE-EDFDA1718003}.Debug|Any CPU.Build.0 = Debug|Any CPU
		{9678D7C6-36B1-4316-B1EE-EDFDA1718003}.Debug|x64.ActiveCfg = Debug|Any CPU
		{9678D7C6-36B1-4316-B1EE-EDFDA1718003}.Debug|x64.Build.0 = Debug|Any CPU
		{9678D7C6-36B1-4316-B1EE-EDFDA1718003}.Debug|x86.ActiveCfg = Debug|Any CPU
		{9678D7C6-36B1-4316-B1EE-EDFDA1718003}.Debug|x86.Build.0 = Debug|Any CPU
		{9678D7C6-36B1-4316-B1EE-EDFDA1718003}.Release|Any CPU.ActiveCfg = Release|Any CPU
		{9678D7C6-36B1-4316-B1EE-EDFDA1718003}.Release|Any CPU.Build.0 = Release|Any CPU
		{9678D7C6-36B1-4316-B1EE-EDFDA1718003}.Release|x64.ActiveCfg = Release|Any CPU
		{9678D7C6-36B1-4316-B1EE-EDFDA1718003}.Release|x64.Build.0 = Release|Any CPU
		{9678D7C6-36B1-4316-B1EE-EDFDA1718003}.Release|x86.ActiveCfg = Release|Any CPU
		{9678D7C6-36B1-4316-B1EE-EDFDA1718003}.Release|x86.Build.0 = Release|Any CPU
		{F7A36E75-41C6-461B-9EA8-9A434C3760B0}.Debug|Any CPU.ActiveCfg = Debug|Any CPU
		{F7A36E75-41C6-461B-9EA8-9A434C3760B0}.Debug|Any CPU.Build.0 = Debug|Any CPU
		{F7A36E75-41C6-461B-9EA8-9A434C3760B0}.Debug|x64.ActiveCfg = Debug|Any CPU
		{F7A36E75-41C6-461B-9EA8-9A434C3760B0}.Debug|x64.Build.0 = Debug|Any CPU
		{F7A36E75-41C6-461B-9EA8-9A434C3760B0}.Debug|x86.ActiveCfg = Debug|Any CPU
		{F7A36E75-41C6-461B-9EA8-9A434C3760B0}.Debug|x86.Build.0 = Debug|Any CPU
		{F7A36E75-41C6-461B-9EA8-9A434C3760B0}.Release|Any CPU.ActiveCfg = Release|Any CPU
		{F7A36E75-41C6-461B-9EA8-9A434C3760B0}.Release|Any CPU.Build.0 = Release|Any CPU
		{F7A36E75-41C6-461B-9EA8-9A434C3760B0}.Release|x64.ActiveCfg = Release|Any CPU
		{F7A36E75-41C6-461B-9EA8-9A434C3760B0}.Release|x64.Build.0 = Release|Any CPU
		{F7A36E75-41C6-461B-9EA8-9A434C3760B0}.Release|x86.ActiveCfg = Release|Any CPU
		{F7A36E75-41C6-461B-9EA8-9A434C3760B0}.Release|x86.Build.0 = Release|Any CPU
		{30F3AC14-C45B-445C-BB38-9B5990550F66}.Debug|Any CPU.ActiveCfg = Debug|Any CPU
		{30F3AC14-C45B-445C-BB38-9B5990550F66}.Debug|Any CPU.Build.0 = Debug|Any CPU
		{30F3AC14-C45B-445C-BB38-9B5990550F66}.Debug|x64.ActiveCfg = Debug|Any CPU
		{30F3AC14-C45B-445C-BB38-9B5990550F66}.Debug|x64.Build.0 = Debug|Any CPU
		{30F3AC14-C45B-445C-BB38-9B5990550F66}.Debug|x86.ActiveCfg = Debug|Any CPU
		{30F3AC14-C45B-445C-BB38-9B5990550F66}.Debug|x86.Build.0 = Debug|Any CPU
		{30F3AC14-C45B-445C-BB38-9B5990550F66}.Release|Any CPU.ActiveCfg = Release|Any CPU
		{30F3AC14-C45B-445C-BB38-9B5990550F66}.Release|Any CPU.Build.0 = Release|Any CPU
		{30F3AC14-C45B-445C-BB38-9B5990550F66}.Release|x64.ActiveCfg = Release|Any CPU
		{30F3AC14-C45B-445C-BB38-9B5990550F66}.Release|x64.Build.0 = Release|Any CPU
		{30F3AC14-C45B-445C-BB38-9B5990550F66}.Release|x86.ActiveCfg = Release|Any CPU
		{30F3AC14-C45B-445C-BB38-9B5990550F66}.Release|x86.Build.0 = Release|Any CPU
		{CEA16BA7-E569-4C66-88C0-3DEFD27C5FAD}.Debug|Any CPU.ActiveCfg = Debug|Any CPU
		{CEA16BA7-E569-4C66-88C0-3DEFD27C5FAD}.Debug|Any CPU.Build.0 = Debug|Any CPU
		{CEA16BA7-E569-4C66-88C0-3DEFD27C5FAD}.Debug|x64.ActiveCfg = Debug|Any CPU
		{CEA16BA7-E569-4C66-88C0-3DEFD27C5FAD}.Debug|x64.Build.0 = Debug|Any CPU
		{CEA16BA7-E569-4C66-88C0-3DEFD27C5FAD}.Debug|x86.ActiveCfg = Debug|Any CPU
		{CEA16BA7-E569-4C66-88C0-3DEFD27C5FAD}.Debug|x86.Build.0 = Debug|Any CPU
		{CEA16BA7-E569-4C66-88C0-3DEFD27C5FAD}.Release|Any CPU.ActiveCfg = Release|Any CPU
		{CEA16BA7-E569-4C66-88C0-3DEFD27C5FAD}.Release|Any CPU.Build.0 = Release|Any CPU
		{CEA16BA7-E569-4C66-88C0-3DEFD27C5FAD}.Release|x64.ActiveCfg = Release|Any CPU
		{CEA16BA7-E569-4C66-88C0-3DEFD27C5FAD}.Release|x64.Build.0 = Release|Any CPU
		{CEA16BA7-E569-4C66-88C0-3DEFD27C5FAD}.Release|x86.ActiveCfg = Release|Any CPU
		{CEA16BA7-E569-4C66-88C0-3DEFD27C5FAD}.Release|x86.Build.0 = Release|Any CPU
	EndGlobalSection
	GlobalSection(SolutionProperties) = preSolution
		HideSolutionNode = FALSE
	EndGlobalSection
	GlobalSection(NestedProjects) = preSolution
		{892B85E4-AFAB-431E-8CC7-11C82B6F515F} = {827E0CD3-B72D-47B6-A68D-7590B98EB39B}
		{9678D7C6-36B1-4316-B1EE-EDFDA1718003} = {827E0CD3-B72D-47B6-A68D-7590B98EB39B}
		{F7A36E75-41C6-461B-9EA8-9A434C3760B0} = {827E0CD3-B72D-47B6-A68D-7590B98EB39B}
		{30F3AC14-C45B-445C-BB38-9B5990550F66} = {827E0CD3-B72D-47B6-A68D-7590B98EB39B}
		{CEA16BA7-E569-4C66-88C0-3DEFD27C5FAD} = {0AB3BF05-4346-4AA6-1389-037BE0695223}
	EndGlobalSection
EndGlobal
